
Microsoft Visual Studio Solution File, Format Version 9.00
# Visual C# Express 2005
Project("{FAE04EC0-301F-11D3-BF4B-00C04F79EFBC}") = "CharaBox3", "CharaBox3\CharaBox3.csproj", "{4E7ACAD8-CC8D-4927-87BE-C199FDD6AE1B}"
EndProject
Global
	GlobalSection(SolutionConfigurationPlatforms) = preSolution
		Debug|Any CPU = Debug|Any CPU
		Release|Any CPU = Release|Any CPU
	EndGlobalSection
	GlobalSection(ProjectConfigurationPlatforms) = postSolution
		{4E7ACAD8-CC8D-4927-87BE-C199FDD6AE1B}.Debug|Any CPU.ActiveCfg = Debug|Any CPU
		{4E7ACAD8-CC8D-4927-87BE-C199FDD6AE1B}.Debug|Any CPU.Build.0 = Debug|Any CPU
		{4E7ACAD8-CC8D-4927-87BE-C199FDD6AE1B}.Release|Any CPU.ActiveCfg = Release|Any CPU
		{4E7ACAD8-CC8D-4927-87BE-C199FDD6AE1B}.Release|Any CPU.Build.0 = Release|Any CPU
	EndGlobalSection
	GlobalSection(SolutionProperties) = preSolution
		HideSolutionNode = FALSE
	EndGlobalSection
EndGlobal
