
Microsoft Visual Studio Solution File, Format Version 12.00
# Visual Studio Version 16
VisualStudioVersion = 16.0.28922.388
MinimumVisualStudioVersion = 10.0.40219.1
Project("{FAE04EC0-301F-11D3-BF4B-00C04F79EFBC}") = "CharaBox3", "CharaBox3\CharaBox3.csproj", "{4E7ACAD8-CC8D-4927-87BE-C199FDD6AE1B}"
EndProject
Project("{2150E333-8FDC-42A3-9474-1A3956D46DE8}") = "Solution Items", "Solution Items", "{3E075A6B-44FC-4DCA-9C5A-4DD9EEFE9A57}"
	ProjectSection(SolutionItems) = preProject
		.editorconfig = .editorconfig
	EndProjectSection
EndProject
Global
	GlobalSection(SolutionConfigurationPlatforms) = preSolution
		Debug|Any CPU = Debug|Any CPU
		Release|Any CPU = Release|Any CPU
	EndGlobalSection
	GlobalSection(ProjectConfigurationPlatforms) = postSolution
		{4E7ACAD8-CC8D-4927-87BE-C199FDD6AE1B}.Debug|Any CPU.ActiveCfg = Debug|Any CPU
		{4E7ACAD8-CC8D-4927-87BE-C199FDD6AE1B}.Debug|Any CPU.Build.0 = Debug|Any CPU
		{4E7ACAD8-CC8D-4927-87BE-C199FDD6AE1B}.Release|Any CPU.ActiveCfg = Release|Any CPU
		{4E7ACAD8-CC8D-4927-87BE-C199FDD6AE1B}.Release|Any CPU.Build.0 = Release|Any CPU
	EndGlobalSection
	GlobalSection(SolutionProperties) = preSolution
		HideSolutionNode = FALSE
	EndGlobalSection
	GlobalSection(ExtensibilityGlobals) = postSolution
		SolutionGuid = {C09C8FB1-1B8C-4E76-9A7F-86314E97ACA0}
	EndGlobalSection
EndGlobal
